
Microsoft Visual Studio Solution File, Format Version 12.00
# Visual Studio Version 17
VisualStudioVersion = 17.1.32407.343
MinimumVisualStudioVersion = 10.0.40219.1
Project("{FAE04EC0-301F-11D3-BF4B-00C04F79EFBC}") = "Examples.UnitOfWork", "Examples.UnitOfWork.csproj", "{AF44D611-E60E-4EFE-B314-C30F03DB5CEB}"
EndProject
Global
	GlobalSection(SolutionConfigurationPlatforms) = preSolution
		Debug|Any CPU = Debug|Any CPU
		Release|Any CPU = Release|Any CPU
	EndGlobalSection
	GlobalSection(ProjectConfigurationPlatforms) = postSolution
		{AF44D611-E60E-4EFE-B314-C30F03DB5CEB}.Debug|Any CPU.ActiveCfg = Debug|Any CPU
		{AF44D611-E60E-4EFE-B314-C30F03DB5CEB}.Debug|Any CPU.Build.0 = Debug|Any CPU
		{AF44D611-E60E-4EFE-B314-C30F03DB5CEB}.Release|Any CPU.ActiveCfg = Release|Any CPU
		{AF44D611-E60E-4EFE-B314-C30F03DB5CEB}.Release|Any CPU.Build.0 = Release|Any CPU
	EndGlobalSection
	GlobalSection(SolutionProperties) = preSolution
		HideSolutionNode = FALSE
	EndGlobalSection
	GlobalSection(ExtensibilityGlobals) = postSolution
		SolutionGuid = {FA44B15B-A8E2-49EC-9F01-937C58886B2A}
	EndGlobalSection
EndGlobal
